
Microsoft Visual Studio Solution File, Format Version 12.00
# Visual Studio Version 17
VisualStudioVersion = 17.0.31912.275
MinimumVisualStudioVersion = 10.0.40219.1
Project("{FAE04EC0-301F-11D3-BF4B-00C04F79EFBC}") = "Back-Estoque", "Back-Estoque\Back-Estoque.csproj", "{1D05DAA7-1C9E-470A-BC90-3A627038A91C}"
EndProject
Global
	GlobalSection(SolutionConfigurationPlatforms) = preSolution
		Debug|Any CPU = Debug|Any CPU
		Release|Any CPU = Release|Any CPU
	EndGlobalSection
	GlobalSection(ProjectConfigurationPlatforms) = postSolution
		{1D05DAA7-1C9E-470A-BC90-3A627038A91C}.Debug|Any CPU.ActiveCfg = Debug|Any CPU
		{1D05DAA7-1C9E-470A-BC90-3A627038A91C}.Debug|Any CPU.Build.0 = Debug|Any CPU
		{1D05DAA7-1C9E-470A-BC90-3A627038A91C}.Release|Any CPU.ActiveCfg = Release|Any CPU
		{1D05DAA7-1C9E-470A-BC90-3A627038A91C}.Release|Any CPU.Build.0 = Release|Any CPU
	EndGlobalSection
	GlobalSection(SolutionProperties) = preSolution
		HideSolutionNode = FALSE
	EndGlobalSection
	GlobalSection(ExtensibilityGlobals) = postSolution
		SolutionGuid = {311FD06B-CD75-4B63-A182-111CDB2CA6FB}
	EndGlobalSection
EndGlobal
